
Microsoft Visual Studio Solution File, Format Version 12.00
#
Project("{FAE04EC0-301F-11D3-BF4B-00C04F79EFBC}") = "server", "server\server.csproj", "{40C7435A-5B86-4197-BA48-7E0CE5AB10BF}"
EndProject
Project("{FAE04EC0-301F-11D3-BF4B-00C04F79EFBC}") = "MaritimeApp.Tests", "MaritimeApp.Tests\MaritimeApp.Tests.csproj", "{45C632AC-CB32-4925-976A-4B27503D1BD7}"
EndProject
Global
	GlobalSection(SolutionConfigurationPlatforms) = preSolution
		Debug|Any CPU = Debug|Any CPU
		Release|Any CPU = Release|Any CPU
	EndGlobalSection
	GlobalSection(ProjectConfigurationPlatforms) = postSolution
		{40C7435A-5B86-4197-BA48-7E0CE5AB10BF}.Debug|Any CPU.ActiveCfg = Debug|Any CPU
		{40C7435A-5B86-4197-BA48-7E0CE5AB10BF}.Debug|Any CPU.Build.0 = Debug|Any CPU
		{40C7435A-5B86-4197-BA48-7E0CE5AB10BF}.Release|Any CPU.ActiveCfg = Release|Any CPU
		{40C7435A-5B86-4197-BA48-7E0CE5AB10BF}.Release|Any CPU.Build.0 = Release|Any CPU
		{45C632AC-CB32-4925-976A-4B27503D1BD7}.Debug|Any CPU.ActiveCfg = Debug|Any CPU
		{45C632AC-CB32-4925-976A-4B27503D1BD7}.Debug|Any CPU.Build.0 = Debug|Any CPU
		{45C632AC-CB32-4925-976A-4B27503D1BD7}.Release|Any CPU.ActiveCfg = Release|Any CPU
		{45C632AC-CB32-4925-976A-4B27503D1BD7}.Release|Any CPU.Build.0 = Release|Any CPU
	EndGlobalSection
EndGlobal
